
Microsoft Visual Studio Solution File, Format Version 12.00
# Visual Studio Version 17
VisualStudioVersion = 17.3.32929.385
MinimumVisualStudioVersion = 10.0.40219.1
Project("{FAE04EC0-301F-11D3-BF4B-00C04F79EFBC}") = "Admin User task", "Admin User task\Admin User task.csproj", "{A86346A1-672B-43C0-ADD0-B9083C564B99}"
EndProject
Global
	GlobalSection(SolutionConfigurationPlatforms) = preSolution
		Debug|Any CPU = Debug|Any CPU
		Release|Any CPU = Release|Any CPU
	EndGlobalSection
	GlobalSection(ProjectConfigurationPlatforms) = postSolution
		{A86346A1-672B-43C0-ADD0-B9083C564B99}.Debug|Any CPU.ActiveCfg = Debug|Any CPU
		{A86346A1-672B-43C0-ADD0-B9083C564B99}.Debug|Any CPU.Build.0 = Debug|Any CPU
		{A86346A1-672B-43C0-ADD0-B9083C564B99}.Release|Any CPU.ActiveCfg = Release|Any CPU
		{A86346A1-672B-43C0-ADD0-B9083C564B99}.Release|Any CPU.Build.0 = Release|Any CPU
	EndGlobalSection
	GlobalSection(SolutionProperties) = preSolution
		HideSolutionNode = FALSE
	EndGlobalSection
	GlobalSection(ExtensibilityGlobals) = postSolution
		SolutionGuid = {ECD54218-5098-4101-9B1A-C11B661F8415}
	EndGlobalSection
EndGlobal
